// !$*UTF8*$!
{
	archiveVersion = 1;
	classes = {
	};
	objectVersion = 48;
	objects = {

/* Begin PBXBuildFile section */
		9AEFC31C1F9292DD0016426C /* AppDelegate.swift in Sources */ = {isa = PBXBuildFile; fileRef = 9AEFC31B1F9292DD0016426C /* AppDelegate.swift */; };
		9AEFC31E1F9292DD0016426C /* ViewController.swift in Sources */ = {isa = PBXBuildFile; fileRef = 9AEFC31D1F9292DD0016426C /* ViewController.swift */; };
		9AEFC3211F9292DD0016426C /* Main.storyboard in Resources */ = {isa = PBXBuildFile; fileRef = 9AEFC31F1F9292DD0016426C /* Main.storyboard */; };
		9AEFC3231F9292DD0016426C /* Assets.xcassets in Resources */ = {isa = PBXBuildFile; fileRef = 9AEFC3221F9292DD0016426C /* Assets.xcassets */; };
		9AEFC3261F9292DD0016426C /* LaunchScreen.storyboard in Resources */ = {isa = PBXBuildFile; fileRef = 9AEFC3241F9292DD0016426C /* LaunchScreen.storyboard */; };
		9AEFC3311F9292DD0016426C /* wkwebview_swift4Tests.swift in Sources */ = {isa = PBXBuildFile; fileRef = 9AEFC3301F9292DD0016426C /* wkwebview_swift4Tests.swift */; };
		9AEFC33C1F9292DD0016426C /* wkwebview_swift4UITests.swift in Sources */ = {isa = PBXBuildFile; fileRef = 9AEFC33B1F9292DD0016426C /* wkwebview_swift4UITests.swift */; };
/* End PBXBuildFile section */

/* Begin PBXContainerItemProxy section */
		9AEFC32D1F9292DD0016426C /* PBXContainerItemProxy */ = {
			isa = PBXContainerItemProxy;
			containerPortal = 9AEFC3101F9292DD0016426C /* Project object */;
			proxyType = 1;
			remoteGlobalIDString = 9AEFC3171F9292DD0016426C;
			remoteInfo = wkwebview_swift4;
		};
		9AEFC3381F9292DD0016426C /* PBXContainerItemProxy */ = {
			isa = PBXContainerItemProxy;
			containerPortal = 9AEFC3101F9292DD0016426C /* Project object */;
			proxyType = 1;
			remoteGlobalIDString = 9AEFC3171F9292DD0016426C;
			remoteInfo = wkwebview_swift4;
		};
/* End PBXContainerItemProxy section */

/* Begin PBXFileReference section */
		9AEFC3181F9292DD0016426C /* wkwebview_swift4.app */ = {isa = PBXFileReference; explicitFileType = wrapper.application; includeInIndex = 0; path = wkwebview_swift4.app; sourceTree = BUILT_PRODUCTS_DIR; };
		9AEFC31B1F9292DD0016426C /* AppDelegate.swift */ = {isa = PBXFileReference; lastKnownFileType = sourcecode.swift; path = AppDelegate.swift; sourceTree = "<group>"; };
		9AEFC31D1F9292DD0016426C /* ViewController.swift */ = {isa = PBXFileReference; lastKnownFileType = sourcecode.swift; path = ViewController.swift; sourceTree = "<group>"; };
		9AEFC3201F9292DD0016426C /* Base */ = {isa = PBXFileReference; lastKnownFileType = file.storyboard; name = Base; path = Base.lproj/Main.storyboard; sourceTree = "<group>"; };
		9AEFC3221F9292DD0016426C /* Assets.xcassets */ = {isa = PBXFileReference; lastKnownFileType = folder.assetcatalog; path = Assets.xcassets; sourceTree = "<group>"; };
		9AEFC3251F9292DD0016426C /* Base */ = {isa = PBXFileReference; lastKnownFileType = file.storyboard; name = Base; path = Base.lproj/LaunchScreen.storyboard; sourceTree = "<group>"; };
		9AEFC3271F9292DD0016426C /* Info.plist */ = {isa = PBXFileReference; lastKnownFileType = text.plist.xml; path = Info.plist; sourceTree = "<group>"; };
		9AEFC32C1F9292DD0016426C /* wkwebview_swift4Tests.xctest */ = {isa = PBXFileReference; explicitFileType = wrapper.cfbundle; includeInIndex = 0; path = wkwebview_swift4Tests.xctest; sourceTree = BUILT_PRODUCTS_DIR; };
		9AEFC3301F9292DD0016426C /* wkwebview_swift4Tests.swift */ = {isa = PBXFileReference; lastKnownFileType = sourcecode.swift; path = wkwebview_swift4Tests.swift; sourceTree = "<group>"; };
		9AEFC3321F9292DD0016426C /* Info.plist */ = {isa = PBXFileReference; lastKnownFileType = text.plist.xml; path = Info.plist; sourceTree = "<group>"; };
		9AEFC3371F9292DD0016426C /* wkwebview_swift4UITests.xctest */ = {isa = PBXFileReference; explicitFileType = wrapper.cfbundle; includeInIndex = 0; path = wkwebview_swift4UITests.xctest; sourceTree = BUILT_PRODUCTS_DIR; };
		9AEFC33B1F9292DD0016426C /* wkwebview_swift4UITests.swift */ = {isa = PBXFileReference; lastKnownFileType = sourcecode.swift; path = wkwebview_swift4UITests.swift; sourceTree = "<group>"; };
		9AEFC33D1F9292DD0016426C /* Info.plist */ = {isa = PBXFileReference; lastKnownFileType = text.plist.xml; path = Info.plist; sourceTree = "<group>"; };
/* End PBXFileReference section */

/* Begin PBXFrameworksBuildPhase section */
		9AEFC3151F9292DD0016426C /* Frameworks */ = {
			isa = PBXFrameworksBuildPhase;
			buildActionMask = 2147483647;
			files = (
			);
			runOnlyForDeploymentPostprocessing = 0;
		};
		9AEFC3291F9292DD0016426C /* Frameworks */ = {
			isa = PBXFrameworksBuildPhase;
			buildActionMask = 2147483647;
			files = (
			);
			runOnlyForDeploymentPostprocessing = 0;
		};
		9AEFC3341F9292DD0016426C /* Frameworks */ = {
			isa = PBXFrameworksBuildPhase;
			buildActionMask = 2147483647;
			files = (
			);
			runOnlyForDeploymentPostprocessing = 0;
		};
/* End PBXFrameworksBuildPhase section */

/* Begin PBXGroup section */
		9AEFC30F1F9292DD0016426C = {
			isa = PBXGroup;
			children = (
				9AEFC31A1F9292DD0016426C /* wkwebview_swift4 */,
				9AEFC32F1F9292DD0016426C /* wkwebview_swift4Tests */,
				9AEFC33A1F9292DD0016426C /* wkwebview_swift4UITests */,
				9AEFC3191F9292DD0016426C /* Products */,
			);
			sourceTree = "<group>";
		};
		9AEFC3191F9292DD0016426C /* Products */ = {
			isa = PBXGroup;
			children = (
				9AEFC3181F9292DD0016426C /* wkwebview_swift4.app */,
				9AEFC32C1F9292DD0016426C /* wkwebview_swift4Tests.xctest */,
				9AEFC3371F9292DD0016426C /* wkwebview_swift4UITests.xctest */,
			);
			name = Products;
			sourceTree = "<group>";
		};
		9AEFC31A1F9292DD0016426C /* wkwebview_swift4 */ = {
			isa = PBXGroup;
			children = (
				9AEFC31B1F9292DD0016426C /* AppDelegate.swift */,
				9AEFC31D1F9292DD0016426C /* ViewController.swift */,
				9AEFC31F1F9292DD0016426C /* Main.storyboard */,
				9AEFC3221F9292DD0016426C /* Assets.xcassets */,
				9AEFC3241F9292DD0016426C /* LaunchScreen.storyboard */,
				9AEFC3271F9292DD0016426C /* Info.plist */,
			);
			path = wkwebview_swift4;
			sourceTree = "<group>";
		};
		9AEFC32F1F9292DD0016426C /* wkwebview_swift4Tests */ = {
			isa = PBXGroup;
			children = (
				9AEFC3301F9292DD0016426C /* wkwebview_swift4Tests.swift */,
				9AEFC3321F9292DD0016426C /* Info.plist */,
			);
			path = wkwebview_swift4Tests;
			sourceTree = "<group>";
		};
		9AEFC33A1F9292DD0016426C /* wkwebview_swift4UITests */ = {
			isa = PBXGroup;
			children = (
				9AEFC33B1F9292DD0016426C /* wkwebview_swift4UITests.swift */,
				9AEFC33D1F9292DD0016426C /* Info.plist */,
			);
			path = wkwebview_swift4UITests;
			sourceTree = "<group>";
		};
/* End PBXGroup section */

/* Begin PBXNativeTarget section */
		9AEFC3171F9292DD0016426C /* wkwebview_swift4 */ = {
			isa = PBXNativeTarget;
			buildConfigurationList = 9AEFC3401F9292DD0016426C /* Build configuration list for PBXNativeTarget "wkwebview_swift4" */;
			buildPhases = (
				9AEFC3141F9292DD0016426C /* Sources */,
				9AEFC3151F9292DD0016426C /* Frameworks */,
				9AEFC3161F9292DD0016426C /* Resources */,
			);
			buildRules = (
			);
			dependencies = (
			);
			name = wkwebview_swift4;
			productName = wkwebview_swift4;
			productReference = 9AEFC3181F9292DD0016426C /* wkwebview_swift4.app */;
			productType = "com.apple.product-type.application";
		};
		9AEFC32B1F9292DD0016426C /* wkwebview_swift4Tests */ = {
			isa = PBXNativeTarget;
			buildConfigurationList = 9AEFC3431F9292DD0016426C /* Build configuration list for PBXNativeTarget "wkwebview_swift4Tests" */;
			buildPhases = (
				9AEFC3281F9292DD0016426C /* Sources */,
				9AEFC3291F9292DD0016426C /* Frameworks */,
				9AEFC32A1F9292DD0016426C /* Resources */,
			);
			buildRules = (
			);
			dependencies = (
				9AEFC32E1F9292DD0016426C /* PBXTargetDependency */,
			);
			name = wkwebview_swift4Tests;
			productName = wkwebview_swift4Tests;
			productReference = 9AEFC32C1F9292DD0016426C /* wkwebview_swift4Tests.xctest */;
			productType = "com.apple.product-type.bundle.unit-test";
		};
		9AEFC3361F9292DD0016426C /* wkwebview_swift4UITests */ = {
			isa = PBXNativeTarget;
			buildConfigurationList = 9AEFC3461F9292DD0016426C /* Build configuration list for PBXNativeTarget "wkwebview_swift4UITests" */;
			buildPhases = (
				9AEFC3331F9292DD0016426C /* Sources */,
				9AEFC3341F9292DD0016426C /* Frameworks */,
				9AEFC3351F9292DD0016426C /* Resources */,
			);
			buildRules = (
			);
			dependencies = (
				9AEFC3391F9292DD0016426C /* PBXTargetDependency */,
			);
			name = wkwebview_swift4UITests;
			productName = wkwebview_swift4UITests;
			productReference = 9AEFC3371F9292DD0016426C /* wkwebview_swift4UITests.xctest */;
			productType = "com.apple.product-type.bundle.ui-testing";
		};
/* End PBXNativeTarget section */

/* Begin PBXProject section */
		9AEFC3101F9292DD0016426C /* Project object */ = {
			isa = PBXProject;
			attributes = {
				LastSwiftUpdateCheck = 0900;
				LastUpgradeCheck = 1110;
				ORGANIZATIONNAME = "Ivan Pires";
				TargetAttributes = {
					9AEFC3171F9292DD0016426C = {
						CreatedOnToolsVersion = 9.0;
						LastSwiftMigration = 1110;
						ProvisioningStyle = Automatic;
					};
					9AEFC32B1F9292DD0016426C = {
						CreatedOnToolsVersion = 9.0;
						LastSwiftMigration = 1110;
						ProvisioningStyle = Automatic;
						TestTargetID = 9AEFC3171F9292DD0016426C;
					};
					9AEFC3361F9292DD0016426C = {
						CreatedOnToolsVersion = 9.0;
						LastSwiftMigration = 1110;
						ProvisioningStyle = Automatic;
						TestTargetID = 9AEFC3171F9292DD0016426C;
					};
				};
			};
			buildConfigurationList = 9AEFC3131F9292DD0016426C /* Build configuration list for PBXProject "wkwebview_swift4" */;
			compatibilityVersion = "Xcode 8.0";
			developmentRegion = en;
			hasScannedForEncodings = 0;
			knownRegions = (
				en,
				Base,
			);
			mainGroup = 9AEFC30F1F9292DD0016426C;
			productRefGroup = 9AEFC3191F9292DD0016426C /* Products */;
			projectDirPath = "";
			projectRoot = "";
			targets = (
				9AEFC3171F9292DD0016426C /* wkwebview_swift4 */,
				9AEFC32B1F9292DD0016426C /* wkwebview_swift4Tests */,
				9AEFC3361F9292DD0016426C /* wkwebview_swift4UITests */,
			);
		};
/* End PBXProject section */

/* Begin PBXResourcesBuildPhase section */
		9AEFC3161F9292DD0016426C /* Resources */ = {
			isa = PBXResourcesBuildPhase;
			buildActionMask = 2147483647;
			files = (
				9AEFC3261F9292DD0016426C /* LaunchScreen.storyboard in Resources */,
				9AEFC3231F9292DD0016426C /* Assets.xcassets in Resources */,
				9AEFC3211F9292DD0016426C /* Main.storyboard in Resources */,
			);
			runOnlyForDeploymentPostprocessing = 0;
		};
		9AEFC32A1F9292DD0016426C /* Resources */ = {
			isa = PBXResourcesBuildPhase;
			buildActionMask = 2147483647;
			files = (
			);
			runOnlyForDeploymentPostprocessing = 0;
		};
		9AEFC3351F9292DD0016426C /* Resources */ = {
			isa = PBXResourcesBuildPhase;
			buildActionMask = 2147483647;
			files = (
			);
			runOnlyForDeploymentPostprocessing = 0;
		};
/* End PBXResourcesBuildPhase section */

/* Begin PBXSourcesBuildPhase section */
		9AEFC3141F9292DD0016426C /* Sources */ = {
			isa = PBXSourcesBuildPhase;
			buildActionMask = 2147483647;
			files = (
				9AEFC31E1F9292DD0016426C /* ViewController.swift in Sources */,
				9AEFC31C1F9292DD0016426C /* AppDelegate.swift in Sources */,
			);
			runOnlyForDeploymentPostprocessing = 0;
		};
		9AEFC3281F9292DD0016426C /* Sources */ = {
			isa = PBXSourcesBuildPhase;
			buildActionMask = 2147483647;
			files = (
				9AEFC3311F9292DD0016426C /* wkwebview_swift4Tests.swift in Sources */,
			);
			runOnlyForDeploymentPostprocessing = 0;
		};
		9AEFC3331F9292DD0016426C /* Sources */ = {
			isa = PBXSourcesBuildPhase;
			buildActionMask = 2147483647;
			files = (
				9AEFC33C1F9292DD0016426C /* wkwebview_swift4UITests.swift in Sources */,
			);
			runOnlyForDeploymentPostprocessing = 0;
		};
/* End PBXSourcesBuildPhase section */

/* Begin PBXTargetDependency section */
		9AEFC32E1F9292DD0016426C /* PBXTargetDependency */ = {
			isa = PBXTargetDependency;
			target = 9AEFC3171F9292DD0016426C /* wkwebview_swift4 */;
			targetProxy = 9AEFC32D1F9292DD0016426C /* PBXContainerItemProxy */;
		};
		9AEFC3391F9292DD0016426C /* PBXTargetDependency */ = {
			isa = PBXTargetDependency;
			target = 9AEFC3171F9292DD0016426C /* wkwebview_swift4 */;
			targetProxy = 9AEFC3381F9292DD0016426C /* PBXContainerItemProxy */;
		};
/* End PBXTargetDependency section */

/* Begin PBXVariantGroup section */
		9AEFC31F1F9292DD0016426C /* Main.storyboard */ = {
			isa = PBXVariantGroup;
			children = (
				9AEFC3201F9292DD0016426C /* Base */,
			);
			name = Main.storyboard;
			sourceTree = "<group>";
		};
		9AEFC3241F9292DD0016426C /* LaunchScreen.storyboard */ = {
			isa = PBXVariantGroup;
			children = (
				9AEFC3251F9292DD0016426C /* Base */,
			);
			name = LaunchScreen.storyboard;
			sourceTree = "<group>";
		};
/* End PBXVariantGroup section */

/* Begin XCBuildConfiguration section */
		9AEFC33E1F9292DD0016426C /* Debug */ = {
			isa = XCBuildConfiguration;
			buildSettings = {
				ALWAYS_SEARCH_USER_PATHS = NO;
				CLANG_ANALYZER_NONNULL = YES;
				CLANG_ANALYZER_NUMBER_OBJECT_CONVERSION = YES_AGGRESSIVE;
				CLANG_CXX_LANGUAGE_STANDARD = "gnu++14";
				CLANG_CXX_LIBRARY = "libc++";
				CLANG_ENABLE_MODULES = YES;
				CLANG_ENABLE_OBJC_ARC = YES;
				CLANG_WARN_BLOCK_CAPTURE_AUTORELEASING = YES;
				CLANG_WARN_BOOL_CONVERSION = YES;
				CLANG_WARN_COMMA = YES;
				CLANG_WARN_CONSTANT_CONVERSION = YES;
				CLANG_WARN_DEPRECATED_OBJC_IMPLEMENTATIONS = YES;
				CLANG_WARN_DIRECT_OBJC_ISA_USAGE = YES_ERROR;
				CLANG_WARN_DOCUMENTATION_COMMENTS = YES;
				CLANG_WARN_EMPTY_BODY = YES;
				CLANG_WARN_ENUM_CONVERSION = YES;
				CLANG_WARN_INFINITE_RECURSION = YES;
				CLANG_WARN_INT_CONVERSION = YES;
				CLANG_WARN_NON_LITERAL_NULL_CONVERSION = YES;
				CLANG_WARN_OBJC_IMPLICIT_RETAIN_SELF = YES;
				CLANG_WARN_OBJC_LITERAL_CONVERSION = YES;
				CLANG_WARN_OBJC_ROOT_CLASS = YES_ERROR;
				CLANG_WARN_RANGE_LOOP_ANALYSIS = YES;
				CLANG_WARN_STRICT_PROTOTYPES = YES;
				CLANG_WARN_SUSPICIOUS_MOVE = YES;
				CLANG_WARN_UNGUARDED_AVAILABILITY = YES_AGGRESSIVE;
				CLANG_WARN_UNREACHABLE_CODE = YES;
				CLANG_WARN__DUPLICATE_METHOD_MATCH = YES;
				CODE_SIGN_IDENTITY = "iPhone Developer";
				COPY_PHASE_STRIP = NO;
				DEBUG_INFORMATION_FORMAT = dwarf;
				ENABLE_STRICT_OBJC_MSGSEND = YES;
				ENABLE_TESTABILITY = YES;
				GCC_C_LANGUAGE_STANDARD = gnu11;
				GCC_DYNAMIC_NO_PIC = NO;
				GCC_NO_COMMON_BLOCKS = YES;
				GCC_OPTIMIZATION_LEVEL = 0;
				GCC_PREPROCESSOR_DEFINITIONS = (
					"DEBUG=1",
					"$(inherited)",
				);
				GCC_WARN_64_TO_32_BIT_CONVERSION = YES;
				GCC_WARN_ABOUT_RETURN_TYPE = YES_ERROR;
				GCC_WARN_UNDECLARED_SELECTOR = YES;
				GCC_WARN_UNINITIALIZED_AUTOS = YES_AGGRESSIVE;
				GCC_WARN_UNUSED_FUNCTION = YES;
				GCC_WARN_UNUSED_VARIABLE = YES;
				IPHONEOS_DEPLOYMENT_TARGET = 11.0;
				MTL_ENABLE_DEBUG_INFO = YES;
				ONLY_ACTIVE_ARCH = YES;
				SDKROOT = iphoneos;
				SWIFT_ACTIVE_COMPILATION_CONDITIONS = DEBUG;
				SWIFT_OPTIMIZATION_LEVEL = "-Onone";
			};
			name = Debug;
		};
		9AEFC33F1F9292DD0016426C /* Release */ = {
			isa = XCBuildConfiguration;
			buildSettings = {
				ALWAYS_SEARCH_USER_PATHS = NO;
				CLANG_ANALYZER_NONNULL = YES;
				CLANG_ANALYZER_NUMBER_OBJECT_CONVERSION = YES_AGGRESSIVE;
				CLANG_CXX_LANGUAGE_STANDARD = "gnu++14";
				CLANG_CXX_LIBRARY = "libc++";
				CLANG_ENABLE_MODULES = YES;
				CLANG_ENABLE_OBJC_ARC = YES;
				CLANG_WARN_BLOCK_CAPTURE_AUTORELEASING = YES;
				CLANG_WARN_BOOL_CONVERSION = YES;
				CLANG_WARN_COMMA = YES;
				CLANG_WARN_CONSTANT_CONVERSION = YES;
				CLANG_WARN_DEPRECATED_OBJC_IMPLEMENTATIONS = YES;
				CLANG_WARN_DIRECT_OBJC_ISA_USAGE = YES_ERROR;
				CLANG_WARN_DOCUMENTATION_COMMENTS = YES;
				CLANG_WARN_EMPTY_BODY = YES;
				CLANG_WARN_ENUM_CONVERSION = YES;
				CLANG_WARN_INFINITE_RECURSION = YES;
				CLANG_WARN_INT_CONVERSION = YES;
				CLANG_WARN_NON_LITERAL_NULL_CONVERSION = YES;
				CLANG_WARN_OBJC_IMPLICIT_RETAIN_SELF = YES;
				CLANG_WARN_OBJC_LITERAL_CONVERSION = YES;
				CLANG_WARN_OBJC_ROOT_CLASS = YES_ERROR;
				CLANG_WARN_RANGE_LOOP_ANALYSIS = YES;
				CLANG_WARN_STRICT_PROTOTYPES = YES;
				CLANG_WARN_SUSPICIOUS_MOVE = YES;
				CLANG_WARN_UNGUARDED_AVAILABILITY = YES_AGGRESSIVE;
				CLANG_WARN_UNREACHABLE_CODE = YES;
				CLANG_WARN__DUPLICATE_METHOD_MATCH = YES;
				CODE_SIGN_IDENTITY = "iPhone Developer";
				COPY_PHASE_STRIP = NO;
				DEBUG_INFORMATION_FORMAT = "dwarf-with-dsym";
				ENABLE_NS_ASSERTIONS = NO;
				ENABLE_STRICT_OBJC_MSGSEND = YES;
				GCC_C_LANGUAGE_STANDARD = gnu11;
				GCC_NO_COMMON_BLOCKS = YES;
				GCC_WARN_64_TO_32_BIT_CONVERSION = YES;
				GCC_WARN_ABOUT_RETURN_TYPE = YES_ERROR;
				GCC_WARN_UNDECLARED_SELECTOR = YES;
				GCC_WARN_UNINITIALIZED_AUTOS = YES_AGGRESSIVE;
				GCC_WARN_UNUSED_FUNCTION = YES;
				GCC_WARN_UNUSED_VARIABLE = YES;
				IPHONEOS_DEPLOYMENT_TARGET = 11.0;
				MTL_ENABLE_DEBUG_INFO = NO;
				SDKROOT = iphoneos;
				SWIFT_OPTIMIZATION_LEVEL = "-Owholemodule";
				VALIDATE_PRODUCT = YES;
			};
			name = Release;
		};
		9AEFC3411F9292DD0016426C /* Debug */ = {
			isa = XCBuildConfiguration;
			buildSettings = {
				ASSETCATALOG_COMPILER_APPICON_NAME = AppIcon;
				CODE_SIGN_STYLE = Automatic;
				DEVELOPMENT_TEAM = 2AV6SWUFW3;
				INFOPLIST_FILE = wkwebview_swift4/Info.plist;
				LD_RUNPATH_SEARCH_PATHS = "$(inherited) @executable_path/Frameworks";
				PRODUCT_BUNDLE_IDENTIFIER = "br.com.cyberuniverso.wkwebview-swift4-isp";
				PRODUCT_NAME = "$(TARGET_NAME)";
				SWIFT_VERSION = 5.0;
				TARGETED_DEVICE_FAMILY = 1;
			};
			name = Debug;
		};
		9AEFC3421F9292DD0016426C /* Release */ = {
			isa = XCBuildConfiguration;
			buildSettings = {
				ASSETCATALOG_COMPILER_APPICON_NAME = AppIcon;
				CODE_SIGN_STYLE = Automatic;
				DEVELOPMENT_TEAM = 2AV6SWUFW3;
				INFOPLIST_FILE = wkwebview_swift4/Info.plist;
				LD_RUNPATH_SEARCH_PATHS = "$(inherited) @executable_path/Frameworks";
				PRODUCT_BUNDLE_IDENTIFIER = "br.com.cyberuniverso.wkwebview-swift4-isp";
				PRODUCT_NAME = "$(TARGET_NAME)";
				SWIFT_VERSION = 5.0;
				TARGETED_DEVICE_FAMILY = 1;
			};
			name = Release;
		};
		9AEFC3441F9292DD0016426C /* Debug */ = {
			isa = XCBuildConfiguration;
			buildSettings = {
				ALWAYS_EMBED_SWIFT_STANDARD_LIBRARIES = YES;
				BUNDLE_LOADER = "$(TEST_HOST)";
				CODE_SIGN_STYLE = Automatic;
				INFOPLIST_FILE = wkwebview_swift4Tests/Info.plist;
				LD_RUNPATH_SEARCH_PATHS = "$(inherited) @executable_path/Frameworks @loader_path/Frameworks";
				PRODUCT_BUNDLE_IDENTIFIER = "br.com.cyberuniverso.wkwebview-swift4Tests";
				PRODUCT_NAME = "$(TARGET_NAME)";
				SWIFT_VERSION = 5.0;
				TARGETED_DEVICE_FAMILY = "1,2";
				TEST_HOST = "$(BUILT_PRODUCTS_DIR)/wkwebview_swift4.app/wkwebview_swift4";
			};
			name = Debug;
		};
		9AEFC3451F9292DD0016426C /* Release */ = {
			isa = XCBuildConfiguration;
			buildSettings = {
				ALWAYS_EMBED_SWIFT_STANDARD_LIBRARIES = YES;
				BUNDLE_LOADER = "$(TEST_HOST)";
				CODE_SIGN_STYLE = Automatic;
				INFOPLIST_FILE = wkwebview_swift4Tests/Info.plist;
				LD_RUNPATH_SEARCH_PATHS = "$(inherited) @executable_path/Frameworks @loader_path/Frameworks";
				PRODUCT_BUNDLE_IDENTIFIER = "br.com.cyberuniverso.wkwebview-swift4Tests";
				PRODUCT_NAME = "$(TARGET_NAME)";
				SWIFT_VERSION = 5.0;
				TARGETED_DEVICE_FAMILY = "1,2";
				TEST_HOST = "$(BUILT_PRODUCTS_DIR)/wkwebview_swift4.app/wkwebview_swift4";
			};
			name = Release;
		};
		9AEFC3471F9292DD0016426C /* Debug */ = {
			isa = XCBuildConfiguration;
			buildSettings = {
				ALWAYS_EMBED_SWIFT_STANDARD_LIBRARIES = YES;
				CODE_SIGN_STYLE = Automatic;
				INFOPLIST_FILE = wkwebview_swift4UITests/Info.plist;
				LD_RUNPATH_SEARCH_PATHS = "$(inherited) @executable_path/Frameworks @loader_path/Frameworks";
				PRODUCT_BUNDLE_IDENTIFIER = "br.com.cyberuniverso.wkwebview-swift4UITests";
				PRODUCT_NAME = "$(TARGET_NAME)";
				SWIFT_VERSION = 5.0;
				TARGETED_DEVICE_FAMILY = "1,2";
				TEST_TARGET_NAME = wkwebview_swift4;
			};
			name = Debug;
		};
		9AEFC3481F9292DD0016426C /* Release */ = {
			isa = XCBuildConfiguration;
			buildSettings = {
				ALWAYS_EMBED_SWIFT_STANDARD_LIBRARIES = YES;
				CODE_SIGN_STYLE = Automatic;
				INFOPLIST_FILE = wkwebview_swift4UITests/Info.plist;
				LD_RUNPATH_SEARCH_PATHS = "$(inherited) @executable_path/Frameworks @loader_path/Frameworks";
				PRODUCT_BUNDLE_IDENTIFIER = "br.com.cyberuniverso.wkwebview-swift4UITests";
				PRODUCT_NAME = "$(TARGET_NAME)";
				SWIFT_VERSION = 5.0;
				TARGETED_DEVICE_FAMILY = "1,2";
				TEST_TARGET_NAME = wkwebview_swift4;
			};
			name = Release;
		};
/* End XCBuildConfiguration section */

/* Begin XCConfigurationList section */
		9AEFC3131F9292DD0016426C /* Build configuration list for PBXProject "wkwebview_swift4" */ = {
			isa = XCConfigurationList;
			buildConfigurations = (
				9AEFC33E1F9292DD0016426C /* Debug */,
				9AEFC33F1F9292DD0016426C /* Release */,
			);
			defaultConfigurationIsVisible = 0;
			defaultConfigurationName = Release;
		};
		9AEFC3401F9292DD0016426C /* Build configuration list for PBXNativeTarget "wkwebview_swift4" */ = {
			isa = XCConfigurationList;
			buildConfigurations = (
				9AEFC3411F9292DD0016426C /* Debug */,
				9AEFC3421F9292DD0016426C /* Release */,
			);
			defaultConfigurationIsVisible = 0;
			defaultConfigurationName = Release;
		};
		9AEFC3431F9292DD0016426C /* Build configuration list for PBXNativeTarget "wkwebview_swift4Tests" */ = {
			isa = XCConfigurationList;
			buildConfigurations = (
				9AEFC3441F9292DD0016426C /* Debug */,
				9AEFC3451F9292DD0016426C /* Release */,
			);
			defaultConfigurationIsVisible = 0;
			defaultConfigurationName = Release;
		};
		9AEFC3461F9292DD0016426C /* Build configuration list for PBXNativeTarget "wkwebview_swift4UITests" */ = {
			isa = XCConfigurationList;
			buildConfigurations = (
				9AEFC3471F9292DD0016426C /* Debug */,
				9AEFC3481F9292DD0016426C /* Release */,
			);
			defaultConfigurationIsVisible = 0;
			defaultConfigurationName = Release;
		};
/* End XCConfigurationList section */
	};
	rootObject = 9AEFC3101F9292DD0016426C /* Project object */;
}
